
Microsoft Visual Studio Solution File, Format Version 12.00
# Visual Studio 15
VisualStudioVersion = 15.0.26124.0
MinimumVisualStudioVersion = 15.0.26124.0
Project("{FAE04EC0-301F-11D3-BF4B-00C04F79EFBC}") = "AutoMagically.Domain", "AutoMagically.Domain\AutoMagically.Domain.csproj", "{F920F05F-1EDF-4A0B-99AB-BE32AA06EC25}"
EndProject
Project("{FAE04EC0-301F-11D3-BF4B-00C04F79EFBC}") = "AutoMagically.Presentation", "AutoMagically.Presentation\AutoMagically.Presentation.csproj", "{74DADDDF-5E8F-41EC-BB34-DD1ECCA02B01}"
EndProject
Project("{FAE04EC0-301F-11D3-BF4B-00C04F79EFBC}") = "AutoMagically.Infrastructure", "AutoMagically.Infrastructure\AutoMagically.Infrastructure.csproj", "{7162D667-5D14-486A-9805-C32D6F636CBD}"
EndProject
Project("{FAE04EC0-301F-11D3-BF4B-00C04F79EFBC}") = "AutoMagically.Domain.Tests", "AutoMagically.Domain.Tests\AutoMagically.Domain.Tests.csproj", "{CE838EC1-EDA1-4348-95AE-C90AA7E013E0}"
EndProject
Global
	GlobalSection(SolutionConfigurationPlatforms) = preSolution
		Debug|Any CPU = Debug|Any CPU
		Debug|x64 = Debug|x64
		Debug|x86 = Debug|x86
		Release|Any CPU = Release|Any CPU
		Release|x64 = Release|x64
		Release|x86 = Release|x86
	EndGlobalSection
	GlobalSection(SolutionProperties) = preSolution
		HideSolutionNode = FALSE
	EndGlobalSection
	GlobalSection(ProjectConfigurationPlatforms) = postSolution
		{F920F05F-1EDF-4A0B-99AB-BE32AA06EC25}.Debug|Any CPU.ActiveCfg = Debug|Any CPU
		{F920F05F-1EDF-4A0B-99AB-BE32AA06EC25}.Debug|Any CPU.Build.0 = Debug|Any CPU
		{F920F05F-1EDF-4A0B-99AB-BE32AA06EC25}.Debug|x64.ActiveCfg = Debug|Any CPU
		{F920F05F-1EDF-4A0B-99AB-BE32AA06EC25}.Debug|x64.Build.0 = Debug|Any CPU
		{F920F05F-1EDF-4A0B-99AB-BE32AA06EC25}.Debug|x86.ActiveCfg = Debug|Any CPU
		{F920F05F-1EDF-4A0B-99AB-BE32AA06EC25}.Debug|x86.Build.0 = Debug|Any CPU
		{F920F05F-1EDF-4A0B-99AB-BE32AA06EC25}.Release|Any CPU.ActiveCfg = Release|Any CPU
		{F920F05F-1EDF-4A0B-99AB-BE32AA06EC25}.Release|Any CPU.Build.0 = Release|Any CPU
		{F920F05F-1EDF-4A0B-99AB-BE32AA06EC25}.Release|x64.ActiveCfg = Release|Any CPU
		{F920F05F-1EDF-4A0B-99AB-BE32AA06EC25}.Release|x64.Build.0 = Release|Any CPU
		{F920F05F-1EDF-4A0B-99AB-BE32AA06EC25}.Release|x86.ActiveCfg = Release|Any CPU
		{F920F05F-1EDF-4A0B-99AB-BE32AA06EC25}.Release|x86.Build.0 = Release|Any CPU
		{74DADDDF-5E8F-41EC-BB34-DD1ECCA02B01}.Debug|Any CPU.ActiveCfg = Debug|Any CPU
		{74DADDDF-5E8F-41EC-BB34-DD1ECCA02B01}.Debug|Any CPU.Build.0 = Debug|Any CPU
		{74DADDDF-5E8F-41EC-BB34-DD1ECCA02B01}.Debug|x64.ActiveCfg = Debug|Any CPU
		{74DADDDF-5E8F-41EC-BB34-DD1ECCA02B01}.Debug|x64.Build.0 = Debug|Any CPU
		{74DADDDF-5E8F-41EC-BB34-DD1ECCA02B01}.Debug|x86.ActiveCfg = Debug|Any CPU
		{74DADDDF-5E8F-41EC-BB34-DD1ECCA02B01}.Debug|x86.Build.0 = Debug|Any CPU
		{74DADDDF-5E8F-41EC-BB34-DD1ECCA02B01}.Release|Any CPU.ActiveCfg = Release|Any CPU
		{74DADDDF-5E8F-41EC-BB34-DD1ECCA02B01}.Release|Any CPU.Build.0 = Release|Any CPU
		{74DADDDF-5E8F-41EC-BB34-DD1ECCA02B01}.Release|x64.ActiveCfg = Release|Any CPU
		{74DADDDF-5E8F-41EC-BB34-DD1ECCA02B01}.Release|x64.Build.0 = Release|Any CPU
		{74DADDDF-5E8F-41EC-BB34-DD1ECCA02B01}.Release|x86.ActiveCfg = Release|Any CPU
		{74DADDDF-5E8F-41EC-BB34-DD1ECCA02B01}.Release|x86.Build.0 = Release|Any CPU
		{7162D667-5D14-486A-9805-C32D6F636CBD}.Debug|Any CPU.ActiveCfg = Debug|Any CPU
		{7162D667-5D14-486A-9805-C32D6F636CBD}.Debug|Any CPU.Build.0 = Debug|Any CPU
		{7162D667-5D14-486A-9805-C32D6F636CBD}.Debug|x64.ActiveCfg = Debug|Any CPU
		{7162D667-5D14-486A-9805-C32D6F636CBD}.Debug|x64.Build.0 = Debug|Any CPU
		{7162D667-5D14-486A-9805-C32D6F636CBD}.Debug|x86.ActiveCfg = Debug|Any CPU
		{7162D667-5D14-486A-9805-C32D6F636CBD}.Debug|x86.Build.0 = Debug|Any CPU
		{7162D667-5D14-486A-9805-C32D6F636CBD}.Release|Any CPU.ActiveCfg = Release|Any CPU
		{7162D667-5D14-486A-9805-C32D6F636CBD}.Release|Any CPU.Build.0 = Release|Any CPU
		{7162D667-5D14-486A-9805-C32D6F636CBD}.Release|x64.ActiveCfg = Release|Any CPU
		{7162D667-5D14-486A-9805-C32D6F636CBD}.Release|x64.Build.0 = Release|Any CPU
		{7162D667-5D14-486A-9805-C32D6F636CBD}.Release|x86.ActiveCfg = Release|Any CPU
		{7162D667-5D14-486A-9805-C32D6F636CBD}.Release|x86.Build.0 = Release|Any CPU
		{CE838EC1-EDA1-4348-95AE-C90AA7E013E0}.Debug|Any CPU.ActiveCfg = Debug|Any CPU
		{CE838EC1-EDA1-4348-95AE-C90AA7E013E0}.Debug|Any CPU.Build.0 = Debug|Any CPU
		{CE838EC1-EDA1-4348-95AE-C90AA7E013E0}.Debug|x64.ActiveCfg = Debug|Any CPU
		{CE838EC1-EDA1-4348-95AE-C90AA7E013E0}.Debug|x64.Build.0 = Debug|Any CPU
		{CE838EC1-EDA1-4348-95AE-C90AA7E013E0}.Debug|x86.ActiveCfg = Debug|Any CPU
		{CE838EC1-EDA1-4348-95AE-C90AA7E013E0}.Debug|x86.Build.0 = Debug|Any CPU
		{CE838EC1-EDA1-4348-95AE-C90AA7E013E0}.Release|Any CPU.ActiveCfg = Release|Any CPU
		{CE838EC1-EDA1-4348-95AE-C90AA7E013E0}.Release|Any CPU.Build.0 = Release|Any CPU
		{CE838EC1-EDA1-4348-95AE-C90AA7E013E0}.Release|x64.ActiveCfg = Release|Any CPU
		{CE838EC1-EDA1-4348-95AE-C90AA7E013E0}.Release|x64.Build.0 = Release|Any CPU
		{CE838EC1-EDA1-4348-95AE-C90AA7E013E0}.Release|x86.ActiveCfg = Release|Any CPU
		{CE838EC1-EDA1-4348-95AE-C90AA7E013E0}.Release|x86.Build.0 = Release|Any CPU
	EndGlobalSection
EndGlobal
